// !$*UTF8*$!
{
	archiveVersion = 1;
	classes = {
	};
	objectVersion = 50;
	objects = {

/* Begin PBXBuildFile section */
		36B9578024FFB64C00DC66A6 /* AppDelegate.swift in Sources */ = {isa = PBXBuildFile; fileRef = 36B9577F24FFB64C00DC66A6 /* AppDelegate.swift */; };
		36B9578224FFB64C00DC66A6 /* SceneDelegate.swift in Sources */ = {isa = PBXBuildFile; fileRef = 36B9578124FFB64C00DC66A6 /* SceneDelegate.swift */; };
		36B9578424FFB64C00DC66A6 /* ViewController.swift in Sources */ = {isa = PBXBuildFile; fileRef = 36B9578324FFB64C00DC66A6 /* ViewController.swift */; };
		36B9578724FFB64D00DC66A6 /* Main.storyboard in Resources */ = {isa = PBXBuildFile; fileRef = 36B9578524FFB64D00DC66A6 /* Main.storyboard */; };
		36B9578B24FFB65200DC66A6 /* Assets.xcassets in Resources */ = {isa = PBXBuildFile; fileRef = 36B9578A24FFB65200DC66A6 /* Assets.xcassets */; };
		36B9578E24FFB65200DC66A6 /* LaunchScreen.storyboard in Resources */ = {isa = PBXBuildFile; fileRef = 36B9578C24FFB65200DC66A6 /* LaunchScreen.storyboard */; };
		36E836FF24FFB83B00E650A8 /* CoreService.swift in Sources */ = {isa = PBXBuildFile; fileRef = 36E836FE24FFB83B00E650A8 /* CoreService.swift */; };
		36E8370124FFB84E00E650A8 /* ViewControllerService.swift in Sources */ = {isa = PBXBuildFile; fileRef = 36E8370024FFB84E00E650A8 /* ViewControllerService.swift */; };
		464F35013797FEB2AFA4C3F0 /* libPods-HowToUseNetworkService.a in Frameworks */ = {isa = PBXBuildFile; fileRef = F57B3BA6B87749836AB10532 /* libPods-HowToUseNetworkService.a */; };
/* End PBXBuildFile section */

/* Begin PBXFileReference section */
		36B9577C24FFB64C00DC66A6 /* HowToUseNetworkService.app */ = {isa = PBXFileReference; explicitFileType = wrapper.application; includeInIndex = 0; path = HowToUseNetworkService.app; sourceTree = BUILT_PRODUCTS_DIR; };
		36B9577F24FFB64C00DC66A6 /* AppDelegate.swift */ = {isa = PBXFileReference; lastKnownFileType = sourcecode.swift; path = AppDelegate.swift; sourceTree = "<group>"; };
		36B9578124FFB64C00DC66A6 /* SceneDelegate.swift */ = {isa = PBXFileReference; lastKnownFileType = sourcecode.swift; path = SceneDelegate.swift; sourceTree = "<group>"; };
		36B9578324FFB64C00DC66A6 /* ViewController.swift */ = {isa = PBXFileReference; lastKnownFileType = sourcecode.swift; path = ViewController.swift; sourceTree = "<group>"; };
		36B9578624FFB64D00DC66A6 /* Base */ = {isa = PBXFileReference; lastKnownFileType = file.storyboard; name = Base; path = Base.lproj/Main.storyboard; sourceTree = "<group>"; };
		36B9578A24FFB65200DC66A6 /* Assets.xcassets */ = {isa = PBXFileReference; lastKnownFileType = folder.assetcatalog; path = Assets.xcassets; sourceTree = "<group>"; };
		36B9578D24FFB65200DC66A6 /* Base */ = {isa = PBXFileReference; lastKnownFileType = file.storyboard; name = Base; path = Base.lproj/LaunchScreen.storyboard; sourceTree = "<group>"; };
		36B9578F24FFB65200DC66A6 /* Info.plist */ = {isa = PBXFileReference; lastKnownFileType = text.plist.xml; path = Info.plist; sourceTree = "<group>"; };
		36E836FE24FFB83B00E650A8 /* CoreService.swift */ = {isa = PBXFileReference; lastKnownFileType = sourcecode.swift; path = CoreService.swift; sourceTree = "<group>"; };
		36E8370024FFB84E00E650A8 /* ViewControllerService.swift */ = {isa = PBXFileReference; lastKnownFileType = sourcecode.swift; path = ViewControllerService.swift; sourceTree = "<group>"; };
		566B7679DA1078A85FAF6889 /* Pods-HowToUseNetworkService.debug.xcconfig */ = {isa = PBXFileReference; includeInIndex = 1; lastKnownFileType = text.xcconfig; name = "Pods-HowToUseNetworkService.debug.xcconfig"; path = "Target Support Files/Pods-HowToUseNetworkService/Pods-HowToUseNetworkService.debug.xcconfig"; sourceTree = "<group>"; };
		B417CF8EBC80D14AFA883400 /* Pods-HowToUseNetworkService.release.xcconfig */ = {isa = PBXFileReference; includeInIndex = 1; lastKnownFileType = text.xcconfig; name = "Pods-HowToUseNetworkService.release.xcconfig"; path = "Target Support Files/Pods-HowToUseNetworkService/Pods-HowToUseNetworkService.release.xcconfig"; sourceTree = "<group>"; };
		F57B3BA6B87749836AB10532 /* libPods-HowToUseNetworkService.a */ = {isa = PBXFileReference; explicitFileType = archive.ar; includeInIndex = 0; path = "libPods-HowToUseNetworkService.a"; sourceTree = BUILT_PRODUCTS_DIR; };
/* End PBXFileReference section */

/* Begin PBXFrameworksBuildPhase section */
		36B9577924FFB64C00DC66A6 /* Frameworks */ = {
			isa = PBXFrameworksBuildPhase;
			buildActionMask = 2147483647;
			files = (
				464F35013797FEB2AFA4C3F0 /* libPods-HowToUseNetworkService.a in Frameworks */,
			);
			runOnlyForDeploymentPostprocessing = 0;
		};
/* End PBXFrameworksBuildPhase section */

/* Begin PBXGroup section */
		36B9577324FFB64C00DC66A6 = {
			isa = PBXGroup;
			children = (
				36B9577E24FFB64C00DC66A6 /* HowToUseNetworkService */,
				36B9577D24FFB64C00DC66A6 /* Products */,
				726D4BFC17F5738A43D35B05 /* Pods */,
				C545589152B0A2F18E0F3290 /* Frameworks */,
			);
			sourceTree = "<group>";
		};
		36B9577D24FFB64C00DC66A6 /* Products */ = {
			isa = PBXGroup;
			children = (
				36B9577C24FFB64C00DC66A6 /* HowToUseNetworkService.app */,
			);
			name = Products;
			sourceTree = "<group>";
		};
		36B9577E24FFB64C00DC66A6 /* HowToUseNetworkService */ = {
			isa = PBXGroup;
			children = (
				36B9579724FFB68300DC66A6 /* CoreService */,
				36B9579624FFB67C00DC66A6 /* Service */,
				36B9579524FFB66E00DC66A6 /* Controllers */,
				36B9577F24FFB64C00DC66A6 /* AppDelegate.swift */,
				36B9578124FFB64C00DC66A6 /* SceneDelegate.swift */,
				36B9578524FFB64D00DC66A6 /* Main.storyboard */,
				36B9578A24FFB65200DC66A6 /* Assets.xcassets */,
				36B9578C24FFB65200DC66A6 /* LaunchScreen.storyboard */,
				36B9578F24FFB65200DC66A6 /* Info.plist */,
			);
			path = HowToUseNetworkService;
			sourceTree = "<group>";
		};
		36B9579524FFB66E00DC66A6 /* Controllers */ = {
			isa = PBXGroup;
			children = (
				36B9578324FFB64C00DC66A6 /* ViewController.swift */,
			);
			path = Controllers;
			sourceTree = "<group>";
		};
		36B9579624FFB67C00DC66A6 /* Service */ = {
			isa = PBXGroup;
			children = (
				36E8370024FFB84E00E650A8 /* ViewControllerService.swift */,
			);
			path = Service;
			sourceTree = "<group>";
		};
		36B9579724FFB68300DC66A6 /* CoreService */ = {
			isa = PBXGroup;
			children = (
				36E836FE24FFB83B00E650A8 /* CoreService.swift */,
			);
			path = CoreService;
			sourceTree = "<group>";
		};
		726D4BFC17F5738A43D35B05 /* Pods */ = {
			isa = PBXGroup;
			children = (
				566B7679DA1078A85FAF6889 /* Pods-HowToUseNetworkService.debug.xcconfig */,
				B417CF8EBC80D14AFA883400 /* Pods-HowToUseNetworkService.release.xcconfig */,
			);
			name = Pods;
			path = Pods;
			sourceTree = "<group>";
		};
		C545589152B0A2F18E0F3290 /* Frameworks */ = {
			isa = PBXGroup;
			children = (
				F57B3BA6B87749836AB10532 /* libPods-HowToUseNetworkService.a */,
			);
			name = Frameworks;
			sourceTree = "<group>";
		};
/* End PBXGroup section */

/* Begin PBXNativeTarget section */
		36B9577B24FFB64C00DC66A6 /* HowToUseNetworkService */ = {
			isa = PBXNativeTarget;
			buildConfigurationList = 36B9579224FFB65200DC66A6 /* Build configuration list for PBXNativeTarget "HowToUseNetworkService" */;
			buildPhases = (
				2FFF07EA3651D4BD37A5EDA4 /* [CP] Check Pods Manifest.lock */,
				36B9577824FFB64C00DC66A6 /* Sources */,
				36B9577924FFB64C00DC66A6 /* Frameworks */,
				36B9577A24FFB64C00DC66A6 /* Resources */,
			);
			buildRules = (
			);
			dependencies = (
			);
			name = HowToUseNetworkService;
			productName = HowToUseNetworkService;
			productReference = 36B9577C24FFB64C00DC66A6 /* HowToUseNetworkService.app */;
			productType = "com.apple.product-type.application";
		};
/* End PBXNativeTarget section */

/* Begin PBXProject section */
		36B9577424FFB64C00DC66A6 /* Project object */ = {
			isa = PBXProject;
			attributes = {
				LastSwiftUpdateCheck = 1200;
				LastUpgradeCheck = 1200;
				TargetAttributes = {
					36B9577B24FFB64C00DC66A6 = {
						CreatedOnToolsVersion = 12.0;
					};
				};
			};
			buildConfigurationList = 36B9577724FFB64C00DC66A6 /* Build configuration list for PBXProject "HowToUseNetworkService" */;
			compatibilityVersion = "Xcode 9.3";
			developmentRegion = en;
			hasScannedForEncodings = 0;
			knownRegions = (
				en,
				Base,
			);
			mainGroup = 36B9577324FFB64C00DC66A6;
			productRefGroup = 36B9577D24FFB64C00DC66A6 /* Products */;
			projectDirPath = "";
			projectRoot = "";
			targets = (
				36B9577B24FFB64C00DC66A6 /* HowToUseNetworkService */,
			);
		};
/* End PBXProject section */

/* Begin PBXResourcesBuildPhase section */
		36B9577A24FFB64C00DC66A6 /* Resources */ = {
			isa = PBXResourcesBuildPhase;
			buildActionMask = 2147483647;
			files = (
				36B9578E24FFB65200DC66A6 /* LaunchScreen.storyboard in Resources */,
				36B9578B24FFB65200DC66A6 /* Assets.xcassets in Resources */,
				36B9578724FFB64D00DC66A6 /* Main.storyboard in Resources */,
			);
			runOnlyForDeploymentPostprocessing = 0;
		};
/* End PBXResourcesBuildPhase section */

/* Begin PBXShellScriptBuildPhase section */
		2FFF07EA3651D4BD37A5EDA4 /* [CP] Check Pods Manifest.lock */ = {
			isa = PBXShellScriptBuildPhase;
			buildActionMask = 2147483647;
			files = (
			);
			inputFileListPaths = (
			);
			inputPaths = (
				"${PODS_PODFILE_DIR_PATH}/Podfile.lock",
				"${PODS_ROOT}/Manifest.lock",
			);
			name = "[CP] Check Pods Manifest.lock";
			outputFileListPaths = (
			);
			outputPaths = (
				"$(DERIVED_FILE_DIR)/Pods-HowToUseNetworkService-checkManifestLockResult.txt",
			);
			runOnlyForDeploymentPostprocessing = 0;
			shellPath = /bin/sh;
			shellScript = "diff \"${PODS_PODFILE_DIR_PATH}/Podfile.lock\" \"${PODS_ROOT}/Manifest.lock\" > /dev/null\nif [ $? != 0 ] ; then\n    # print error to STDERR\n    echo \"error: The sandbox is not in sync with the Podfile.lock. Run 'pod install' or update your CocoaPods installation.\" >&2\n    exit 1\nfi\n# This output is used by Xcode 'outputs' to avoid re-running this script phase.\necho \"SUCCESS\" > \"${SCRIPT_OUTPUT_FILE_0}\"\n";
			showEnvVarsInLog = 0;
		};
/* End PBXShellScriptBuildPhase section */

/* Begin PBXSourcesBuildPhase section */
		36B9577824FFB64C00DC66A6 /* Sources */ = {
			isa = PBXSourcesBuildPhase;
			buildActionMask = 2147483647;
			files = (
				36B9578424FFB64C00DC66A6 /* ViewController.swift in Sources */,
				36E8370124FFB84E00E650A8 /* ViewControllerService.swift in Sources */,
				36B9578024FFB64C00DC66A6 /* AppDelegate.swift in Sources */,
				36E836FF24FFB83B00E650A8 /* CoreService.swift in Sources */,
				36B9578224FFB64C00DC66A6 /* SceneDelegate.swift in Sources */,
			);
			runOnlyForDeploymentPostprocessing = 0;
		};
/* End PBXSourcesBuildPhase section */

/* Begin PBXVariantGroup section */
		36B9578524FFB64D00DC66A6 /* Main.storyboard */ = {
			isa = PBXVariantGroup;
			children = (
				36B9578624FFB64D00DC66A6 /* Base */,
			);
			name = Main.storyboard;
			sourceTree = "<group>";
		};
		36B9578C24FFB65200DC66A6 /* LaunchScreen.storyboard */ = {
			isa = PBXVariantGroup;
			children = (
				36B9578D24FFB65200DC66A6 /* Base */,
			);
			name = LaunchScreen.storyboard;
			sourceTree = "<group>";
		};
/* End PBXVariantGroup section */

/* Begin XCBuildConfiguration section */
		36B9579024FFB65200DC66A6 /* Debug */ = {
			isa = XCBuildConfiguration;
			buildSettings = {
				ALWAYS_SEARCH_USER_PATHS = NO;
				CLANG_ANALYZER_NONNULL = YES;
				CLANG_ANALYZER_NUMBER_OBJECT_CONVERSION = YES_AGGRESSIVE;
				CLANG_CXX_LANGUAGE_STANDARD = "gnu++14";
				CLANG_CXX_LIBRARY = "libc++";
				CLANG_ENABLE_MODULES = YES;
				CLANG_ENABLE_OBJC_ARC = YES;
				CLANG_ENABLE_OBJC_WEAK = YES;
				CLANG_WARN_BLOCK_CAPTURE_AUTORELEASING = YES;
				CLANG_WARN_BOOL_CONVERSION = YES;
				CLANG_WARN_COMMA = YES;
				CLANG_WARN_CONSTANT_CONVERSION = YES;
				CLANG_WARN_DEPRECATED_OBJC_IMPLEMENTATIONS = YES;
				CLANG_WARN_DIRECT_OBJC_ISA_USAGE = YES_ERROR;
				CLANG_WARN_DOCUMENTATION_COMMENTS = YES;
				CLANG_WARN_EMPTY_BODY = YES;
				CLANG_WARN_ENUM_CONVERSION = YES;
				CLANG_WARN_INFINITE_RECURSION = YES;
				CLANG_WARN_INT_CONVERSION = YES;
				CLANG_WARN_NON_LITERAL_NULL_CONVERSION = YES;
				CLANG_WARN_OBJC_IMPLICIT_RETAIN_SELF = YES;
				CLANG_WARN_OBJC_LITERAL_CONVERSION = YES;
				CLANG_WARN_OBJC_ROOT_CLASS = YES_ERROR;
				CLANG_WARN_QUOTED_INCLUDE_IN_FRAMEWORK_HEADER = YES;
				CLANG_WARN_RANGE_LOOP_ANALYSIS = YES;
				CLANG_WARN_STRICT_PROTOTYPES = YES;
				CLANG_WARN_SUSPICIOUS_MOVE = YES;
				CLANG_WARN_UNGUARDED_AVAILABILITY = YES_AGGRESSIVE;
				CLANG_WARN_UNREACHABLE_CODE = YES;
				CLANG_WARN__DUPLICATE_METHOD_MATCH = YES;
				COPY_PHASE_STRIP = NO;
				DEBUG_INFORMATION_FORMAT = dwarf;
				ENABLE_STRICT_OBJC_MSGSEND = YES;
				ENABLE_TESTABILITY = YES;
				GCC_C_LANGUAGE_STANDARD = gnu11;
				GCC_DYNAMIC_NO_PIC = NO;
				GCC_NO_COMMON_BLOCKS = YES;
				GCC_OPTIMIZATION_LEVEL = 0;
				GCC_PREPROCESSOR_DEFINITIONS = (
					"DEBUG=1",
					"$(inherited)",
				);
				GCC_WARN_64_TO_32_BIT_CONVERSION = YES;
				GCC_WARN_ABOUT_RETURN_TYPE = YES_ERROR;
				GCC_WARN_UNDECLARED_SELECTOR = YES;
				GCC_WARN_UNINITIALIZED_AUTOS = YES_AGGRESSIVE;
				GCC_WARN_UNUSED_FUNCTION = YES;
				GCC_WARN_UNUSED_VARIABLE = YES;
				IPHONEOS_DEPLOYMENT_TARGET = 14.0;
				MTL_ENABLE_DEBUG_INFO = INCLUDE_SOURCE;
				MTL_FAST_MATH = YES;
				ONLY_ACTIVE_ARCH = YES;
				SDKROOT = iphoneos;
				SWIFT_ACTIVE_COMPILATION_CONDITIONS = DEBUG;
				SWIFT_OPTIMIZATION_LEVEL = "-Onone";
			};
			name = Debug;
		};
		36B9579124FFB65200DC66A6 /* Release */ = {
			isa = XCBuildConfiguration;
			buildSettings = {
				ALWAYS_SEARCH_USER_PATHS = NO;
				CLANG_ANALYZER_NONNULL = YES;
				CLANG_ANALYZER_NUMBER_OBJECT_CONVERSION = YES_AGGRESSIVE;
				CLANG_CXX_LANGUAGE_STANDARD = "gnu++14";
				CLANG_CXX_LIBRARY = "libc++";
				CLANG_ENABLE_MODULES = YES;
				CLANG_ENABLE_OBJC_ARC = YES;
				CLANG_ENABLE_OBJC_WEAK = YES;
				CLANG_WARN_BLOCK_CAPTURE_AUTORELEASING = YES;
				CLANG_WARN_BOOL_CONVERSION = YES;
				CLANG_WARN_COMMA = YES;
				CLANG_WARN_CONSTANT_CONVERSION = YES;
				CLANG_WARN_DEPRECATED_OBJC_IMPLEMENTATIONS = YES;
				CLANG_WARN_DIRECT_OBJC_ISA_USAGE = YES_ERROR;
				CLANG_WARN_DOCUMENTATION_COMMENTS = YES;
				CLANG_WARN_EMPTY_BODY = YES;
				CLANG_WARN_ENUM_CONVERSION = YES;
				CLANG_WARN_INFINITE_RECURSION = YES;
				CLANG_WARN_INT_CONVERSION = YES;
				CLANG_WARN_NON_LITERAL_NULL_CONVERSION = YES;
				CLANG_WARN_OBJC_IMPLICIT_RETAIN_SELF = YES;
				CLANG_WARN_OBJC_LITERAL_CONVERSION = YES;
				CLANG_WARN_OBJC_ROOT_CLASS = YES_ERROR;
				CLANG_WARN_QUOTED_INCLUDE_IN_FRAMEWORK_HEADER = YES;
				CLANG_WARN_RANGE_LOOP_ANALYSIS = YES;
				CLANG_WARN_STRICT_PROTOTYPES = YES;
				CLANG_WARN_SUSPICIOUS_MOVE = YES;
				CLANG_WARN_UNGUARDED_AVAILABILITY = YES_AGGRESSIVE;
				CLANG_WARN_UNREACHABLE_CODE = YES;
				CLANG_WARN__DUPLICATE_METHOD_MATCH = YES;
				COPY_PHASE_STRIP = NO;
				DEBUG_INFORMATION_FORMAT = "dwarf-with-dsym";
				ENABLE_NS_ASSERTIONS = NO;
				ENABLE_STRICT_OBJC_MSGSEND = YES;
				GCC_C_LANGUAGE_STANDARD = gnu11;
				GCC_NO_COMMON_BLOCKS = YES;
				GCC_WARN_64_TO_32_BIT_CONVERSION = YES;
				GCC_WARN_ABOUT_RETURN_TYPE = YES_ERROR;
				GCC_WARN_UNDECLARED_SELECTOR = YES;
				GCC_WARN_UNINITIALIZED_AUTOS = YES_AGGRESSIVE;
				GCC_WARN_UNUSED_FUNCTION = YES;
				GCC_WARN_UNUSED_VARIABLE = YES;
				IPHONEOS_DEPLOYMENT_TARGET = 14.0;
				MTL_ENABLE_DEBUG_INFO = NO;
				MTL_FAST_MATH = YES;
				SDKROOT = iphoneos;
				SWIFT_COMPILATION_MODE = wholemodule;
				SWIFT_OPTIMIZATION_LEVEL = "-O";
				VALIDATE_PRODUCT = YES;
			};
			name = Release;
		};
		36B9579324FFB65200DC66A6 /* Debug */ = {
			isa = XCBuildConfiguration;
			baseConfigurationReference = 566B7679DA1078A85FAF6889 /* Pods-HowToUseNetworkService.debug.xcconfig */;
			buildSettings = {
				ASSETCATALOG_COMPILER_APPICON_NAME = AppIcon;
				ASSETCATALOG_COMPILER_GLOBAL_ACCENT_COLOR_NAME = AccentColor;
				CODE_SIGN_STYLE = Automatic;
				DEVELOPMENT_TEAM = 43THU6L26P;
				INFOPLIST_FILE = HowToUseNetworkService/Info.plist;
				LD_RUNPATH_SEARCH_PATHS = (
					"$(inherited)",
					"@executable_path/Frameworks",
				);
				PRODUCT_BUNDLE_IDENTIFIER = com.ferhanakkan.HowToUseNetworkService;
				PRODUCT_NAME = "$(TARGET_NAME)";
				SWIFT_VERSION = 5.0;
				TARGETED_DEVICE_FAMILY = "1,2";
			};
			name = Debug;
		};
		36B9579424FFB65200DC66A6 /* Release */ = {
			isa = XCBuildConfiguration;
			baseConfigurationReference = B417CF8EBC80D14AFA883400 /* Pods-HowToUseNetworkService.release.xcconfig */;
			buildSettings = {
				ASSETCATALOG_COMPILER_APPICON_NAME = AppIcon;
				ASSETCATALOG_COMPILER_GLOBAL_ACCENT_COLOR_NAME = AccentColor;
				CODE_SIGN_STYLE = Automatic;
				DEVELOPMENT_TEAM = 43THU6L26P;
				INFOPLIST_FILE = HowToUseNetworkService/Info.plist;
				LD_RUNPATH_SEARCH_PATHS = (
					"$(inherited)",
					"@executable_path/Frameworks",
				);
				PRODUCT_BUNDLE_IDENTIFIER = com.ferhanakkan.HowToUseNetworkService;
				PRODUCT_NAME = "$(TARGET_NAME)";
				SWIFT_VERSION = 5.0;
				TARGETED_DEVICE_FAMILY = "1,2";
			};
			name = Release;
		};
/* End XCBuildConfiguration section */

/* Begin XCConfigurationList section */
		36B9577724FFB64C00DC66A6 /* Build configuration list for PBXProject "HowToUseNetworkService" */ = {
			isa = XCConfigurationList;
			buildConfigurations = (
				36B9579024FFB65200DC66A6 /* Debug */,
				36B9579124FFB65200DC66A6 /* Release */,
			);
			defaultConfigurationIsVisible = 0;
			defaultConfigurationName = Release;
		};
		36B9579224FFB65200DC66A6 /* Build configuration list for PBXNativeTarget "HowToUseNetworkService" */ = {
			isa = XCConfigurationList;
			buildConfigurations = (
				36B9579324FFB65200DC66A6 /* Debug */,
				36B9579424FFB65200DC66A6 /* Release */,
			);
			defaultConfigurationIsVisible = 0;
			defaultConfigurationName = Release;
		};
/* End XCConfigurationList section */
	};
	rootObject = 36B9577424FFB64C00DC66A6 /* Project object */;
}
